
Microsoft Visual Studio Solution File, Format Version 12.00
# Visual Studio Version 17
VisualStudioVersion = 17.5.33516.290
MinimumVisualStudioVersion = 10.0.40219.1
Project("{9A19103F-16F7-4668-BE54-9A1E7A4F7556}") = "TheCarHub", "TheCarHub\TheCarHub.csproj", "{C260BC3F-338B-4559-82F7-4B45843DD03A}"
EndProject
Project("{9A19103F-16F7-4668-BE54-9A1E7A4F7556}") = "TheCarHubTests", "TheCarHubTests\TheCarHubTests.csproj", "{D7C18B9A-1546-4D40-A402-E0A75D7527F4}"
EndProject
Global
	GlobalSection(SolutionConfigurationPlatforms) = preSolution
		Debug|Any CPU = Debug|Any CPU
		Release|Any CPU = Release|Any CPU
	EndGlobalSection
	GlobalSection(ProjectConfigurationPlatforms) = postSolution
		{C260BC3F-338B-4559-82F7-4B45843DD03A}.Debug|Any CPU.ActiveCfg = Debug|Any CPU
		{C260BC3F-338B-4559-82F7-4B45843DD03A}.Debug|Any CPU.Build.0 = Debug|Any CPU
		{C260BC3F-338B-4559-82F7-4B45843DD03A}.Release|Any CPU.ActiveCfg = Release|Any CPU
		{C260BC3F-338B-4559-82F7-4B45843DD03A}.Release|Any CPU.Build.0 = Release|Any CPU
		{D7C18B9A-1546-4D40-A402-E0A75D7527F4}.Debug|Any CPU.ActiveCfg = Debug|Any CPU
		{D7C18B9A-1546-4D40-A402-E0A75D7527F4}.Debug|Any CPU.Build.0 = Debug|Any CPU
		{D7C18B9A-1546-4D40-A402-E0A75D7527F4}.Release|Any CPU.ActiveCfg = Release|Any CPU
		{D7C18B9A-1546-4D40-A402-E0A75D7527F4}.Release|Any CPU.Build.0 = Release|Any CPU
	EndGlobalSection
	GlobalSection(SolutionProperties) = preSolution
		HideSolutionNode = FALSE
	EndGlobalSection
	GlobalSection(ExtensibilityGlobals) = postSolution
		SolutionGuid = {F3A12851-D746-4106-ABE2-9C798EA148EF}
	EndGlobalSection
EndGlobal
